# This file is automatically @generated by Cargo.
# It is not intended for manual editing.
version = 4

[[package]]
name = "fastrand"
version = "2.2.0"
source = "registry+https://github.com/rust-lang/crates.io-index"
checksum = "486f806e73c5707928240ddc295403b1b93c96a02038563881c4a2fd84b81ac4"

[[package]]
name = "h"
version = "0.1.0"
dependencies = [
 "fastrand",
 "radsort",
]

[[package]]
name = "radsort"
version = "0.1.1"
source = "registry+https://github.com/rust-lang/crates.io-index"
checksum = "019b4b213425016d7d84a153c4c73afb0946fbb4840e4eece7ba8848b9d6da22"
